
Microsoft Visual Studio Solution File, Format Version 12.00
# Visual Studio 15
Project("{FAE04EC0-301F-11D3-BF4B-00C04F79EFBC}") = "Unity.Timeline", "Unity.Timeline.csproj", "{C9804773-3639-C316-DD04-D024F26B3612}"
EndProject
Project("{FAE04EC0-301F-11D3-BF4B-00C04F79EFBC}") = "Unity.Timeline.Editor", "Unity.Timeline.Editor.csproj", "{941A5957-27FF-DA6C-A7C1-C05DB6A69ACF}"
EndProject
Project("{FAE04EC0-301F-11D3-BF4B-00C04F79EFBC}") = "Unity.2D.Tilemap.Editor", "Unity.2D.Tilemap.Editor.csproj", "{2B1A184F-F480-007A-1C74-1DA195C05C55}"
EndProject
Project("{FAE04EC0-301F-11D3-BF4B-00C04F79EFBC}") = "Unity.TextMeshPro.Editor", "Unity.TextMeshPro.Editor.csproj", "{2A8209AA-7B66-596F-7463-682D78B633B6}"
EndProject
Project("{FAE04EC0-301F-11D3-BF4B-00C04F79EFBC}") = "Unity.2D.Aseprite.Editor", "Unity.2D.Aseprite.Editor.csproj", "{205EF07B-43DE-D29A-BD79-DC19AA981403}"
EndProject
Project("{FAE04EC0-301F-11D3-BF4B-00C04F79EFBC}") = "Unity.VisualScripting.Flow", "Unity.VisualScripting.Flow.csproj", "{694D68D4-03EC-0CFF-B618-A30F6CDCFE82}"
EndProject
Project("{FAE04EC0-301F-11D3-BF4B-00C04F79EFBC}") = "UnityEditor.UI", "UnityEditor.UI.csproj", "{595689E9-03ED-83C4-59E2-73F5707F5B1F}"
EndProject
Project("{FAE04EC0-301F-11D3-BF4B-00C04F79EFBC}") = "Unity.PlasticSCM.Editor", "Unity.PlasticSCM.Editor.csproj", "{E81E3F85-CF7C-B0EB-397F-63890E650030}"
EndProject
Project("{FAE04EC0-301F-11D3-BF4B-00C04F79EFBC}") = "Unity.2D.Psdimporter.Editor", "Unity.2D.Psdimporter.Editor.csproj", "{2E903CD6-34BA-41B1-90AC-4AFFBF6816E3}"
EndProject
Project("{FAE04EC0-301F-11D3-BF4B-00C04F79EFBC}") = "Unity.VisualScripting.Core", "Unity.VisualScripting.Core.csproj", "{F59AB799-593B-31D1-06FC-EDF35775D106}"
EndProject
Project("{FAE04EC0-301F-11D3-BF4B-00C04F79EFBC}") = "Unity.Mathematics", "Unity.Mathematics.csproj", "{39CFC8C7-12F8-0A2D-F678-9F093B87096A}"
EndProject
Project("{FAE04EC0-301F-11D3-BF4B-00C04F79EFBC}") = "Unity.2D.Animation.Editor", "Unity.2D.Animation.Editor.csproj", "{6EF8A9B6-88BE-2DAD-0671-6914CD963F37}"
EndProject
Project("{FAE04EC0-301F-11D3-BF4B-00C04F79EFBC}") = "Unity.2D.Common.Path.Editor", "Unity.2D.Common.Path.Editor.csproj", "{7E53DA9A-69E9-2854-C18B-7D56069A7FA8}"
EndProject
Project("{FAE04EC0-301F-11D3-BF4B-00C04F79EFBC}") = "Unity.VisualScripting.Core.Editor", "Unity.VisualScripting.Core.Editor.csproj", "{CC36DF60-7696-A797-20F5-1385621EA474}"
EndProject
Project("{FAE04EC0-301F-11D3-BF4B-00C04F79EFBC}") = "Unity.2D.IK.Runtime", "Unity.2D.IK.Runtime.csproj", "{FB5D0D80-D387-8187-F8EC-417738CB4D9E}"
EndProject
Project("{FAE04EC0-301F-11D3-BF4B-00C04F79EFBC}") = "Unity.VisualScripting.Flow.Editor", "Unity.VisualScripting.Flow.Editor.csproj", "{990B45E0-729E-CFDA-3946-C6B1C73F684C}"
EndProject
Project("{FAE04EC0-301F-11D3-BF4B-00C04F79EFBC}") = "UnityEditor.TestRunner", "UnityEditor.TestRunner.csproj", "{E7B1A288-398A-2D94-C8DB-56E7F10F2FB7}"
EndProject
Project("{FAE04EC0-301F-11D3-BF4B-00C04F79EFBC}") = "Unity.VisualScripting.SettingsProvider.Editor", "Unity.VisualScripting.SettingsProvider.Editor.csproj", "{9E25CBDD-924F-6111-EBF0-CFFD412392A5}"
EndProject
Project("{FAE04EC0-301F-11D3-BF4B-00C04F79EFBC}") = "UnityEngine.TestRunner", "UnityEngine.TestRunner.csproj", "{CAB3FF44-6204-44E6-CC60-63CBBB820DC8}"
EndProject
Project("{FAE04EC0-301F-11D3-BF4B-00C04F79EFBC}") = "PsdPlugin", "PsdPlugin.csproj", "{91122B48-A256-1327-EC4A-13171A0DF31A}"
EndProject
Project("{FAE04EC0-301F-11D3-BF4B-00C04F79EFBC}") = "Unity.Burst", "Unity.Burst.csproj", "{F2742A16-190F-7DB2-04F3-F367A701D2B7}"
EndProject
Project("{FAE04EC0-301F-11D3-BF4B-00C04F79EFBC}") = "UnityEngine.UI", "UnityEngine.UI.csproj", "{25D07BCD-05E9-BAF2-C0B1-50C53D4FBA6E}"
EndProject
Project("{FAE04EC0-301F-11D3-BF4B-00C04F79EFBC}") = "Unity.2D.SpriteShape.Editor", "Unity.2D.SpriteShape.Editor.csproj", "{DF5F4BDD-DE29-902B-3DF2-972AE356A76E}"
EndProject
Project("{FAE04EC0-301F-11D3-BF4B-00C04F79EFBC}") = "Unity.Collections", "Unity.Collections.csproj", "{5D6F5557-4CF5-E6DF-0EEB-FD360265D4B4}"
EndProject
Project("{FAE04EC0-301F-11D3-BF4B-00C04F79EFBC}") = "Unity.VisualStudio.Editor", "Unity.VisualStudio.Editor.csproj", "{0EAB09BB-84A8-0F5D-754E-2BF746534125}"
EndProject
Project("{FAE04EC0-301F-11D3-BF4B-00C04F79EFBC}") = "Unity.2D.Tilemap.Extras.Editor", "Unity.2D.Tilemap.Extras.Editor.csproj", "{870FD97A-D00D-59C0-9387-FBAE7F02EA18}"
EndProject
Project("{FAE04EC0-301F-11D3-BF4B-00C04F79EFBC}") = "Unity.Rider.Editor", "Unity.Rider.Editor.csproj", "{003537EC-2DA9-B9A2-286C-D24F5A72302C}"
EndProject
Project("{FAE04EC0-301F-11D3-BF4B-00C04F79EFBC}") = "Unity.InternalAPIEditorBridge.001", "Unity.InternalAPIEditorBridge.001.csproj", "{BE67ED39-454C-7AF6-8E4E-1A112F9BF611}"
EndProject
Project("{FAE04EC0-301F-11D3-BF4B-00C04F79EFBC}") = "Unity.2D.SpriteShape.Runtime", "Unity.2D.SpriteShape.Runtime.csproj", "{78AB04BB-25BA-E3E3-259C-A06F850A5F00}"
EndProject
Project("{FAE04EC0-301F-11D3-BF4B-00C04F79EFBC}") = "Unity.VisualScripting.State.Editor", "Unity.VisualScripting.State.Editor.csproj", "{48CC6E62-9243-C22A-492C-DC1CFD709873}"
EndProject
Project("{FAE04EC0-301F-11D3-BF4B-00C04F79EFBC}") = "Unity.2D.Animation.Runtime", "Unity.2D.Animation.Runtime.csproj", "{BCD2A315-711D-A4D4-0542-6E33DE8B74A8}"
EndProject
Project("{FAE04EC0-301F-11D3-BF4B-00C04F79EFBC}") = "Unity.Burst.CodeGen", "Unity.Burst.CodeGen.csproj", "{266F8896-D7DA-1A3D-DA9F-434587F27237}"
EndProject
Project("{FAE04EC0-301F-11D3-BF4B-00C04F79EFBC}") = "Unity.2D.Tilemap.Extras", "Unity.2D.Tilemap.Extras.csproj", "{6792942A-21F9-B5BA-20D3-26F2B5685AD2}"
EndProject
Project("{FAE04EC0-301F-11D3-BF4B-00C04F79EFBC}") = "Unity.VisualScripting.State", "Unity.VisualScripting.State.csproj", "{8E3292A1-8AFC-A662-7842-9A72051EE533}"
EndProject
Project("{FAE04EC0-301F-11D3-BF4B-00C04F79EFBC}") = "Unity.TextMeshPro", "Unity.TextMeshPro.csproj", "{3C82D20D-AE13-AF1F-5129-197F5DADD785}"
EndProject
Project("{FAE04EC0-301F-11D3-BF4B-00C04F79EFBC}") = "Unity.2D.Aseprite.Common", "Unity.2D.Aseprite.Common.csproj", "{D912E5A0-41C6-2C7C-D5C8-140327957D9F}"
EndProject
Project("{FAE04EC0-301F-11D3-BF4B-00C04F79EFBC}") = "Unity.2D.IK.Editor", "Unity.2D.IK.Editor.csproj", "{1488A2F8-CFAB-82BC-723A-3DA918B18CC3}"
EndProject
Project("{FAE04EC0-301F-11D3-BF4B-00C04F79EFBC}") = "Unity.InternalAPIEngineBridge.001", "Unity.InternalAPIEngineBridge.001.csproj", "{72ABCD7F-5D68-28F3-C099-4F87DDE5397A}"
EndProject
Project("{FAE04EC0-301F-11D3-BF4B-00C04F79EFBC}") = "Unity.Burst.Editor", "Unity.Burst.Editor.csproj", "{615F1952-76C0-EB03-7B2E-DB4A36325EA0}"
EndProject
Project("{FAE04EC0-301F-11D3-BF4B-00C04F79EFBC}") = "Unity.2D.Common.Editor", "Unity.2D.Common.Editor.csproj", "{3CED09D0-F162-E71D-32D0-8BEFB2A389A6}"
EndProject
Project("{FAE04EC0-301F-11D3-BF4B-00C04F79EFBC}") = "Unity.2D.Sprite.Editor", "Unity.2D.Sprite.Editor.csproj", "{90F93C0D-B2DF-9148-DF60-8E50F97EFCFB}"
EndProject
Project("{FAE04EC0-301F-11D3-BF4B-00C04F79EFBC}") = "Unity.2D.PixelPerfect", "Unity.2D.PixelPerfect.csproj", "{DD1E1394-AABD-BB9F-7BBB-541378538B35}"
EndProject
Project("{FAE04EC0-301F-11D3-BF4B-00C04F79EFBC}") = "Unity.2D.PixelPerfect.Editor", "Unity.2D.PixelPerfect.Editor.csproj", "{BCC4E44E-7D83-7273-D532-F23527751951}"
EndProject
Project("{FAE04EC0-301F-11D3-BF4B-00C04F79EFBC}") = "Unity.2D.Common.Runtime", "Unity.2D.Common.Runtime.csproj", "{FB5E29F3-8179-08E1-9D74-90F8393104D1}"
EndProject
Project("{FAE04EC0-301F-11D3-BF4B-00C04F79EFBC}") = "Unity.Mathematics.Editor", "Unity.Mathematics.Editor.csproj", "{11B526E3-2276-8AEC-078F-47475B3356F7}"
EndProject
Project("{FAE04EC0-301F-11D3-BF4B-00C04F79EFBC}") = "Unity.Collections.BurstCompatibilityGen", "Unity.Collections.BurstCompatibilityGen.csproj", "{2CCBAD6D-3B12-1B3B-ACB4-3AF1BB3544E5}"
EndProject
Project("{FAE04EC0-301F-11D3-BF4B-00C04F79EFBC}") = "Unity.VisualScripting.Shared.Editor", "Unity.VisualScripting.Shared.Editor.csproj", "{0192D196-6526-7CB0-1F46-282D82600907}"
EndProject
Project("{FAE04EC0-301F-11D3-BF4B-00C04F79EFBC}") = "Unity.Collections.DocCodeSamples", "Unity.Collections.DocCodeSamples.csproj", "{A0791827-10E3-6396-40AD-23E1610D8340}"
EndProject
Project("{FAE04EC0-301F-11D3-BF4B-00C04F79EFBC}") = "Unity.CollabProxy.Editor", "Unity.CollabProxy.Editor.csproj", "{284C1CCE-4374-A6F0-8013-DFAB3BB85901}"
EndProject
Project("{FAE04EC0-301F-11D3-BF4B-00C04F79EFBC}") = "Unity.Timeline", "Unity.Timeline.Player.csproj", "{B51D548D-6212-89BE-7C8A-376D43626D35}"
EndProject
Project("{FAE04EC0-301F-11D3-BF4B-00C04F79EFBC}") = "Unity.VisualScripting.Flow", "Unity.VisualScripting.Flow.Player.csproj", "{970D36DA-5439-63E1-A643-F0784E261DB5}"
EndProject
Project("{FAE04EC0-301F-11D3-BF4B-00C04F79EFBC}") = "Unity.VisualScripting.Core", "Unity.VisualScripting.Core.Player.csproj", "{3F13D51D-4FD6-6B92-7B05-12FC40822F2D}"
EndProject
Project("{FAE04EC0-301F-11D3-BF4B-00C04F79EFBC}") = "Unity.Mathematics", "Unity.Mathematics.Player.csproj", "{65F128F7-108D-42AA-79D5-926229A8AC7D}"
EndProject
Project("{FAE04EC0-301F-11D3-BF4B-00C04F79EFBC}") = "Unity.2D.IK.Runtime", "Unity.2D.IK.Runtime.Player.csproj", "{66AEFFE9-F121-385F-98F2-B55E59590961}"
EndProject
Project("{FAE04EC0-301F-11D3-BF4B-00C04F79EFBC}") = "UnityEngine.TestRunner", "UnityEngine.TestRunner.Player.csproj", "{7E8D1E12-968B-A154-1864-E924361F8734}"
EndProject
Project("{FAE04EC0-301F-11D3-BF4B-00C04F79EFBC}") = "Unity.Burst", "Unity.Burst.Player.csproj", "{2E14432D-6D73-2DC5-994B-891DC34C2A0A}"
EndProject
Project("{FAE04EC0-301F-11D3-BF4B-00C04F79EFBC}") = "UnityEngine.UI", "UnityEngine.UI.Player.csproj", "{D465A755-1E55-F6FB-575F-60EDB961D645}"
EndProject
Project("{FAE04EC0-301F-11D3-BF4B-00C04F79EFBC}") = "Unity.Collections", "Unity.Collections.Player.csproj", "{AFCDC499-DEF0-85C6-B595-FD392ACFCB22}"
EndProject
Project("{FAE04EC0-301F-11D3-BF4B-00C04F79EFBC}") = "Unity.2D.SpriteShape.Runtime", "Unity.2D.SpriteShape.Runtime.Player.csproj", "{03CF2C96-B3B9-5DEB-5446-A305F7B3FC11}"
EndProject
Project("{FAE04EC0-301F-11D3-BF4B-00C04F79EFBC}") = "Unity.2D.Animation.Runtime", "Unity.2D.Animation.Runtime.Player.csproj", "{136E9887-6083-BBCB-0E59-8D4861E911D4}"
EndProject
Project("{FAE04EC0-301F-11D3-BF4B-00C04F79EFBC}") = "Unity.2D.Tilemap.Extras", "Unity.2D.Tilemap.Extras.Player.csproj", "{511DF7CD-B23A-72A7-5210-FC4F41AD12B8}"
EndProject
Project("{FAE04EC0-301F-11D3-BF4B-00C04F79EFBC}") = "Unity.VisualScripting.State", "Unity.VisualScripting.State.Player.csproj", "{2EADAA91-B8F2-A5BE-E13A-BF9179F24C6D}"
EndProject
Project("{FAE04EC0-301F-11D3-BF4B-00C04F79EFBC}") = "Unity.TextMeshPro", "Unity.TextMeshPro.Player.csproj", "{0C37FEDB-EEDA-9705-8C1B-7DC03E8D2180}"
EndProject
Project("{FAE04EC0-301F-11D3-BF4B-00C04F79EFBC}") = "Unity.InternalAPIEngineBridge.001", "Unity.InternalAPIEngineBridge.001.Player.csproj", "{67708D4C-3809-ED53-C10E-99AD56E38B9A}"
EndProject
Project("{FAE04EC0-301F-11D3-BF4B-00C04F79EFBC}") = "Unity.2D.PixelPerfect", "Unity.2D.PixelPerfect.Player.csproj", "{686E5FEC-D326-85C9-DA33-216DCF17870C}"
EndProject
Project("{FAE04EC0-301F-11D3-BF4B-00C04F79EFBC}") = "Unity.2D.Common.Runtime", "Unity.2D.Common.Runtime.Player.csproj", "{708E063D-ADEE-51F5-18A8-2006B55317C8}"
EndProject
Global
	GlobalSection(SolutionConfigurationPlatforms) = preSolution
		Debug|Any CPU = Debug|Any CPU
		Release|Any CPU = Release|Any CPU
	EndGlobalSection
	GlobalSection(ProjectConfigurationPlatforms) = postSolution
		{C9804773-3639-C316-DD04-D024F26B3612}.Debug|Any CPU.ActiveCfg = Debug|Any CPU
		{C9804773-3639-C316-DD04-D024F26B3612}.Debug|Any CPU.Build.0 = Debug|Any CPU
		{C9804773-3639-C316-DD04-D024F26B3612}.Release|Any CPU.ActiveCfg = Release|Any CPU
		{C9804773-3639-C316-DD04-D024F26B3612}.Release|Any CPU.Build.0 = Release|Any CPU
		{941A5957-27FF-DA6C-A7C1-C05DB6A69ACF}.Debug|Any CPU.ActiveCfg = Debug|Any CPU
		{941A5957-27FF-DA6C-A7C1-C05DB6A69ACF}.Debug|Any CPU.Build.0 = Debug|Any CPU
		{941A5957-27FF-DA6C-A7C1-C05DB6A69ACF}.Release|Any CPU.ActiveCfg = Release|Any CPU
		{941A5957-27FF-DA6C-A7C1-C05DB6A69ACF}.Release|Any CPU.Build.0 = Release|Any CPU
		{2B1A184F-F480-007A-1C74-1DA195C05C55}.Debug|Any CPU.ActiveCfg = Debug|Any CPU
		{2B1A184F-F480-007A-1C74-1DA195C05C55}.Debug|Any CPU.Build.0 = Debug|Any CPU
		{2B1A184F-F480-007A-1C74-1DA195C05C55}.Release|Any CPU.ActiveCfg = Release|Any CPU
		{2B1A184F-F480-007A-1C74-1DA195C05C55}.Release|Any CPU.Build.0 = Release|Any CPU
		{2A8209AA-7B66-596F-7463-682D78B633B6}.Debug|Any CPU.ActiveCfg = Debug|Any CPU
		{2A8209AA-7B66-596F-7463-682D78B633B6}.Debug|Any CPU.Build.0 = Debug|Any CPU
		{2A8209AA-7B66-596F-7463-682D78B633B6}.Release|Any CPU.ActiveCfg = Release|Any CPU
		{2A8209AA-7B66-596F-7463-682D78B633B6}.Release|Any CPU.Build.0 = Release|Any CPU
		{205EF07B-43DE-D29A-BD79-DC19AA981403}.Debug|Any CPU.ActiveCfg = Debug|Any CPU
		{205EF07B-43DE-D29A-BD79-DC19AA981403}.Debug|Any CPU.Build.0 = Debug|Any CPU
		{205EF07B-43DE-D29A-BD79-DC19AA981403}.Release|Any CPU.ActiveCfg = Release|Any CPU
		{205EF07B-43DE-D29A-BD79-DC19AA981403}.Release|Any CPU.Build.0 = Release|Any CPU
		{694D68D4-03EC-0CFF-B618-A30F6CDCFE82}.Debug|Any CPU.ActiveCfg = Debug|Any CPU
		{694D68D4-03EC-0CFF-B618-A30F6CDCFE82}.Debug|Any CPU.Build.0 = Debug|Any CPU
		{694D68D4-03EC-0CFF-B618-A30F6CDCFE82}.Release|Any CPU.ActiveCfg = Release|Any CPU
		{694D68D4-03EC-0CFF-B618-A30F6CDCFE82}.Release|Any CPU.Build.0 = Release|Any CPU
		{595689E9-03ED-83C4-59E2-73F5707F5B1F}.Debug|Any CPU.ActiveCfg = Debug|Any CPU
		{595689E9-03ED-83C4-59E2-73F5707F5B1F}.Debug|Any CPU.Build.0 = Debug|Any CPU
		{595689E9-03ED-83C4-59E2-73F5707F5B1F}.Release|Any CPU.ActiveCfg = Release|Any CPU
		{595689E9-03ED-83C4-59E2-73F5707F5B1F}.Release|Any CPU.Build.0 = Release|Any CPU
		{E81E3F85-CF7C-B0EB-397F-63890E650030}.Debug|Any CPU.ActiveCfg = Debug|Any CPU
		{E81E3F85-CF7C-B0EB-397F-63890E650030}.Debug|Any CPU.Build.0 = Debug|Any CPU
		{E81E3F85-CF7C-B0EB-397F-63890E650030}.Release|Any CPU.ActiveCfg = Release|Any CPU
		{E81E3F85-CF7C-B0EB-397F-63890E650030}.Release|Any CPU.Build.0 = Release|Any CPU
		{2E903CD6-34BA-41B1-90AC-4AFFBF6816E3}.Debug|Any CPU.ActiveCfg = Debug|Any CPU
		{2E903CD6-34BA-41B1-90AC-4AFFBF6816E3}.Debug|Any CPU.Build.0 = Debug|Any CPU
		{2E903CD6-34BA-41B1-90AC-4AFFBF6816E3}.Release|Any CPU.ActiveCfg = Release|Any CPU
		{2E903CD6-34BA-41B1-90AC-4AFFBF6816E3}.Release|Any CPU.Build.0 = Release|Any CPU
		{F59AB799-593B-31D1-06FC-EDF35775D106}.Debug|Any CPU.ActiveCfg = Debug|Any CPU
		{F59AB799-593B-31D1-06FC-EDF35775D106}.Debug|Any CPU.Build.0 = Debug|Any CPU
		{F59AB799-593B-31D1-06FC-EDF35775D106}.Release|Any CPU.ActiveCfg = Release|Any CPU
		{F59AB799-593B-31D1-06FC-EDF35775D106}.Release|Any CPU.Build.0 = Release|Any CPU
		{39CFC8C7-12F8-0A2D-F678-9F093B87096A}.Debug|Any CPU.ActiveCfg = Debug|Any CPU
		{39CFC8C7-12F8-0A2D-F678-9F093B87096A}.Debug|Any CPU.Build.0 = Debug|Any CPU
		{39CFC8C7-12F8-0A2D-F678-9F093B87096A}.Release|Any CPU.ActiveCfg = Release|Any CPU
		{39CFC8C7-12F8-0A2D-F678-9F093B87096A}.Release|Any CPU.Build.0 = Release|Any CPU
		{6EF8A9B6-88BE-2DAD-0671-6914CD963F37}.Debug|Any CPU.ActiveCfg = Debug|Any CPU
		{6EF8A9B6-88BE-2DAD-0671-6914CD963F37}.Debug|Any CPU.Build.0 = Debug|Any CPU
		{6EF8A9B6-88BE-2DAD-0671-6914CD963F37}.Release|Any CPU.ActiveCfg = Release|Any CPU
		{6EF8A9B6-88BE-2DAD-0671-6914CD963F37}.Release|Any CPU.Build.0 = Release|Any CPU
		{7E53DA9A-69E9-2854-C18B-7D56069A7FA8}.Debug|Any CPU.ActiveCfg = Debug|Any CPU
		{7E53DA9A-69E9-2854-C18B-7D56069A7FA8}.Debug|Any CPU.Build.0 = Debug|Any CPU
		{7E53DA9A-69E9-2854-C18B-7D56069A7FA8}.Release|Any CPU.ActiveCfg = Release|Any CPU
		{7E53DA9A-69E9-2854-C18B-7D56069A7FA8}.Release|Any CPU.Build.0 = Release|Any CPU
		{CC36DF60-7696-A797-20F5-1385621EA474}.Debug|Any CPU.ActiveCfg = Debug|Any CPU
		{CC36DF60-7696-A797-20F5-1385621EA474}.Debug|Any CPU.Build.0 = Debug|Any CPU
		{CC36DF60-7696-A797-20F5-1385621EA474}.Release|Any CPU.ActiveCfg = Release|Any CPU
		{CC36DF60-7696-A797-20F5-1385621EA474}.Release|Any CPU.Build.0 = Release|Any CPU
		{FB5D0D80-D387-8187-F8EC-417738CB4D9E}.Debug|Any CPU.ActiveCfg = Debug|Any CPU
		{FB5D0D80-D387-8187-F8EC-417738CB4D9E}.Debug|Any CPU.Build.0 = Debug|Any CPU
		{FB5D0D80-D387-8187-F8EC-417738CB4D9E}.Release|Any CPU.ActiveCfg = Release|Any CPU
		{FB5D0D80-D387-8187-F8EC-417738CB4D9E}.Release|Any CPU.Build.0 = Release|Any CPU
		{990B45E0-729E-CFDA-3946-C6B1C73F684C}.Debug|Any CPU.ActiveCfg = Debug|Any CPU
		{990B45E0-729E-CFDA-3946-C6B1C73F684C}.Debug|Any CPU.Build.0 = Debug|Any CPU
		{990B45E0-729E-CFDA-3946-C6B1C73F684C}.Release|Any CPU.ActiveCfg = Release|Any CPU
		{990B45E0-729E-CFDA-3946-C6B1C73F684C}.Release|Any CPU.Build.0 = Release|Any CPU
		{E7B1A288-398A-2D94-C8DB-56E7F10F2FB7}.Debug|Any CPU.ActiveCfg = Debug|Any CPU
		{E7B1A288-398A-2D94-C8DB-56E7F10F2FB7}.Debug|Any CPU.Build.0 = Debug|Any CPU
		{E7B1A288-398A-2D94-C8DB-56E7F10F2FB7}.Release|Any CPU.ActiveCfg = Release|Any CPU
		{E7B1A288-398A-2D94-C8DB-56E7F10F2FB7}.Release|Any CPU.Build.0 = Release|Any CPU
		{9E25CBDD-924F-6111-EBF0-CFFD412392A5}.Debug|Any CPU.ActiveCfg = Debug|Any CPU
		{9E25CBDD-924F-6111-EBF0-CFFD412392A5}.Debug|Any CPU.Build.0 = Debug|Any CPU
		{9E25CBDD-924F-6111-EBF0-CFFD412392A5}.Release|Any CPU.ActiveCfg = Release|Any CPU
		{9E25CBDD-924F-6111-EBF0-CFFD412392A5}.Release|Any CPU.Build.0 = Release|Any CPU
		{CAB3FF44-6204-44E6-CC60-63CBBB820DC8}.Debug|Any CPU.ActiveCfg = Debug|Any CPU
		{CAB3FF44-6204-44E6-CC60-63CBBB820DC8}.Debug|Any CPU.Build.0 = Debug|Any CPU
		{CAB3FF44-6204-44E6-CC60-63CBBB820DC8}.Release|Any CPU.ActiveCfg = Release|Any CPU
		{CAB3FF44-6204-44E6-CC60-63CBBB820DC8}.Release|Any CPU.Build.0 = Release|Any CPU
		{91122B48-A256-1327-EC4A-13171A0DF31A}.Debug|Any CPU.ActiveCfg = Debug|Any CPU
		{91122B48-A256-1327-EC4A-13171A0DF31A}.Debug|Any CPU.Build.0 = Debug|Any CPU
		{91122B48-A256-1327-EC4A-13171A0DF31A}.Release|Any CPU.ActiveCfg = Release|Any CPU
		{91122B48-A256-1327-EC4A-13171A0DF31A}.Release|Any CPU.Build.0 = Release|Any CPU
		{F2742A16-190F-7DB2-04F3-F367A701D2B7}.Debug|Any CPU.ActiveCfg = Debug|Any CPU
		{F2742A16-190F-7DB2-04F3-F367A701D2B7}.Debug|Any CPU.Build.0 = Debug|Any CPU
		{F2742A16-190F-7DB2-04F3-F367A701D2B7}.Release|Any CPU.ActiveCfg = Release|Any CPU
		{F2742A16-190F-7DB2-04F3-F367A701D2B7}.Release|Any CPU.Build.0 = Release|Any CPU
		{25D07BCD-05E9-BAF2-C0B1-50C53D4FBA6E}.Debug|Any CPU.ActiveCfg = Debug|Any CPU
		{25D07BCD-05E9-BAF2-C0B1-50C53D4FBA6E}.Debug|Any CPU.Build.0 = Debug|Any CPU
		{25D07BCD-05E9-BAF2-C0B1-50C53D4FBA6E}.Release|Any CPU.ActiveCfg = Release|Any CPU
		{25D07BCD-05E9-BAF2-C0B1-50C53D4FBA6E}.Release|Any CPU.Build.0 = Release|Any CPU
		{DF5F4BDD-DE29-902B-3DF2-972AE356A76E}.Debug|Any CPU.ActiveCfg = Debug|Any CPU
		{DF5F4BDD-DE29-902B-3DF2-972AE356A76E}.Debug|Any CPU.Build.0 = Debug|Any CPU
		{DF5F4BDD-DE29-902B-3DF2-972AE356A76E}.Release|Any CPU.ActiveCfg = Release|Any CPU
		{DF5F4BDD-DE29-902B-3DF2-972AE356A76E}.Release|Any CPU.Build.0 = Release|Any CPU
		{5D6F5557-4CF5-E6DF-0EEB-FD360265D4B4}.Debug|Any CPU.ActiveCfg = Debug|Any CPU
		{5D6F5557-4CF5-E6DF-0EEB-FD360265D4B4}.Debug|Any CPU.Build.0 = Debug|Any CPU
		{5D6F5557-4CF5-E6DF-0EEB-FD360265D4B4}.Release|Any CPU.ActiveCfg = Release|Any CPU
		{5D6F5557-4CF5-E6DF-0EEB-FD360265D4B4}.Release|Any CPU.Build.0 = Release|Any CPU
		{0EAB09BB-84A8-0F5D-754E-2BF746534125}.Debug|Any CPU.ActiveCfg = Debug|Any CPU
		{0EAB09BB-84A8-0F5D-754E-2BF746534125}.Debug|Any CPU.Build.0 = Debug|Any CPU
		{0EAB09BB-84A8-0F5D-754E-2BF746534125}.Release|Any CPU.ActiveCfg = Release|Any CPU
		{0EAB09BB-84A8-0F5D-754E-2BF746534125}.Release|Any CPU.Build.0 = Release|Any CPU
		{870FD97A-D00D-59C0-9387-FBAE7F02EA18}.Debug|Any CPU.ActiveCfg = Debug|Any CPU
		{870FD97A-D00D-59C0-9387-FBAE7F02EA18}.Debug|Any CPU.Build.0 = Debug|Any CPU
		{870FD97A-D00D-59C0-9387-FBAE7F02EA18}.Release|Any CPU.ActiveCfg = Release|Any CPU
		{870FD97A-D00D-59C0-9387-FBAE7F02EA18}.Release|Any CPU.Build.0 = Release|Any CPU
		{003537EC-2DA9-B9A2-286C-D24F5A72302C}.Debug|Any CPU.ActiveCfg = Debug|Any CPU
		{003537EC-2DA9-B9A2-286C-D24F5A72302C}.Debug|Any CPU.Build.0 = Debug|Any CPU
		{003537EC-2DA9-B9A2-286C-D24F5A72302C}.Release|Any CPU.ActiveCfg = Release|Any CPU
		{003537EC-2DA9-B9A2-286C-D24F5A72302C}.Release|Any CPU.Build.0 = Release|Any CPU
		{BE67ED39-454C-7AF6-8E4E-1A112F9BF611}.Debug|Any CPU.ActiveCfg = Debug|Any CPU
		{BE67ED39-454C-7AF6-8E4E-1A112F9BF611}.Debug|Any CPU.Build.0 = Debug|Any CPU
		{BE67ED39-454C-7AF6-8E4E-1A112F9BF611}.Release|Any CPU.ActiveCfg = Release|Any CPU
		{BE67ED39-454C-7AF6-8E4E-1A112F9BF611}.Release|Any CPU.Build.0 = Release|Any CPU
		{78AB04BB-25BA-E3E3-259C-A06F850A5F00}.Debug|Any CPU.ActiveCfg = Debug|Any CPU
		{78AB04BB-25BA-E3E3-259C-A06F850A5F00}.Debug|Any CPU.Build.0 = Debug|Any CPU
		{78AB04BB-25BA-E3E3-259C-A06F850A5F00}.Release|Any CPU.ActiveCfg = Release|Any CPU
		{78AB04BB-25BA-E3E3-259C-A06F850A5F00}.Release|Any CPU.Build.0 = Release|Any CPU
		{48CC6E62-9243-C22A-492C-DC1CFD709873}.Debug|Any CPU.ActiveCfg = Debug|Any CPU
		{48CC6E62-9243-C22A-492C-DC1CFD709873}.Debug|Any CPU.Build.0 = Debug|Any CPU
		{48CC6E62-9243-C22A-492C-DC1CFD709873}.Release|Any CPU.ActiveCfg = Release|Any CPU
		{48CC6E62-9243-C22A-492C-DC1CFD709873}.Release|Any CPU.Build.0 = Release|Any CPU
		{BCD2A315-711D-A4D4-0542-6E33DE8B74A8}.Debug|Any CPU.ActiveCfg = Debug|Any CPU
		{BCD2A315-711D-A4D4-0542-6E33DE8B74A8}.Debug|Any CPU.Build.0 = Debug|Any CPU
		{BCD2A315-711D-A4D4-0542-6E33DE8B74A8}.Release|Any CPU.ActiveCfg = Release|Any CPU
		{BCD2A315-711D-A4D4-0542-6E33DE8B74A8}.Release|Any CPU.Build.0 = Release|Any CPU
		{266F8896-D7DA-1A3D-DA9F-434587F27237}.Debug|Any CPU.ActiveCfg = Debug|Any CPU
		{266F8896-D7DA-1A3D-DA9F-434587F27237}.Debug|Any CPU.Build.0 = Debug|Any CPU
		{266F8896-D7DA-1A3D-DA9F-434587F27237}.Release|Any CPU.ActiveCfg = Release|Any CPU
		{266F8896-D7DA-1A3D-DA9F-434587F27237}.Release|Any CPU.Build.0 = Release|Any CPU
		{6792942A-21F9-B5BA-20D3-26F2B5685AD2}.Debug|Any CPU.ActiveCfg = Debug|Any CPU
		{6792942A-21F9-B5BA-20D3-26F2B5685AD2}.Debug|Any CPU.Build.0 = Debug|Any CPU
		{6792942A-21F9-B5BA-20D3-26F2B5685AD2}.Release|Any CPU.ActiveCfg = Release|Any CPU
		{6792942A-21F9-B5BA-20D3-26F2B5685AD2}.Release|Any CPU.Build.0 = Release|Any CPU
		{8E3292A1-8AFC-A662-7842-9A72051EE533}.Debug|Any CPU.ActiveCfg = Debug|Any CPU
		{8E3292A1-8AFC-A662-7842-9A72051EE533}.Debug|Any CPU.Build.0 = Debug|Any CPU
		{8E3292A1-8AFC-A662-7842-9A72051EE533}.Release|Any CPU.ActiveCfg = Release|Any CPU
		{8E3292A1-8AFC-A662-7842-9A72051EE533}.Release|Any CPU.Build.0 = Release|Any CPU
		{3C82D20D-AE13-AF1F-5129-197F5DADD785}.Debug|Any CPU.ActiveCfg = Debug|Any CPU
		{3C82D20D-AE13-AF1F-5129-197F5DADD785}.Debug|Any CPU.Build.0 = Debug|Any CPU
		{3C82D20D-AE13-AF1F-5129-197F5DADD785}.Release|Any CPU.ActiveCfg = Release|Any CPU
		{3C82D20D-AE13-AF1F-5129-197F5DADD785}.Release|Any CPU.Build.0 = Release|Any CPU
		{D912E5A0-41C6-2C7C-D5C8-140327957D9F}.Debug|Any CPU.ActiveCfg = Debug|Any CPU
		{D912E5A0-41C6-2C7C-D5C8-140327957D9F}.Debug|Any CPU.Build.0 = Debug|Any CPU
		{D912E5A0-41C6-2C7C-D5C8-140327957D9F}.Release|Any CPU.ActiveCfg = Release|Any CPU
		{D912E5A0-41C6-2C7C-D5C8-140327957D9F}.Release|Any CPU.Build.0 = Release|Any CPU
		{1488A2F8-CFAB-82BC-723A-3DA918B18CC3}.Debug|Any CPU.ActiveCfg = Debug|Any CPU
		{1488A2F8-CFAB-82BC-723A-3DA918B18CC3}.Debug|Any CPU.Build.0 = Debug|Any CPU
		{1488A2F8-CFAB-82BC-723A-3DA918B18CC3}.Release|Any CPU.ActiveCfg = Release|Any CPU
		{1488A2F8-CFAB-82BC-723A-3DA918B18CC3}.Release|Any CPU.Build.0 = Release|Any CPU
		{72ABCD7F-5D68-28F3-C099-4F87DDE5397A}.Debug|Any CPU.ActiveCfg = Debug|Any CPU
		{72ABCD7F-5D68-28F3-C099-4F87DDE5397A}.Debug|Any CPU.Build.0 = Debug|Any CPU
		{72ABCD7F-5D68-28F3-C099-4F87DDE5397A}.Release|Any CPU.ActiveCfg = Release|Any CPU
		{72ABCD7F-5D68-28F3-C099-4F87DDE5397A}.Release|Any CPU.Build.0 = Release|Any CPU
		{615F1952-76C0-EB03-7B2E-DB4A36325EA0}.Debug|Any CPU.ActiveCfg = Debug|Any CPU
		{615F1952-76C0-EB03-7B2E-DB4A36325EA0}.Debug|Any CPU.Build.0 = Debug|Any CPU
		{615F1952-76C0-EB03-7B2E-DB4A36325EA0}.Release|Any CPU.ActiveCfg = Release|Any CPU
		{615F1952-76C0-EB03-7B2E-DB4A36325EA0}.Release|Any CPU.Build.0 = Release|Any CPU
		{3CED09D0-F162-E71D-32D0-8BEFB2A389A6}.Debug|Any CPU.ActiveCfg = Debug|Any CPU
		{3CED09D0-F162-E71D-32D0-8BEFB2A389A6}.Debug|Any CPU.Build.0 = Debug|Any CPU
		{3CED09D0-F162-E71D-32D0-8BEFB2A389A6}.Release|Any CPU.ActiveCfg = Release|Any CPU
		{3CED09D0-F162-E71D-32D0-8BEFB2A389A6}.Release|Any CPU.Build.0 = Release|Any CPU
		{90F93C0D-B2DF-9148-DF60-8E50F97EFCFB}.Debug|Any CPU.ActiveCfg = Debug|Any CPU
		{90F93C0D-B2DF-9148-DF60-8E50F97EFCFB}.Debug|Any CPU.Build.0 = Debug|Any CPU
		{90F93C0D-B2DF-9148-DF60-8E50F97EFCFB}.Release|Any CPU.ActiveCfg = Release|Any CPU
		{90F93C0D-B2DF-9148-DF60-8E50F97EFCFB}.Release|Any CPU.Build.0 = Release|Any CPU
		{DD1E1394-AABD-BB9F-7BBB-541378538B35}.Debug|Any CPU.ActiveCfg = Debug|Any CPU
		{DD1E1394-AABD-BB9F-7BBB-541378538B35}.Debug|Any CPU.Build.0 = Debug|Any CPU
		{DD1E1394-AABD-BB9F-7BBB-541378538B35}.Release|Any CPU.ActiveCfg = Release|Any CPU
		{DD1E1394-AABD-BB9F-7BBB-541378538B35}.Release|Any CPU.Build.0 = Release|Any CPU
		{BCC4E44E-7D83-7273-D532-F23527751951}.Debug|Any CPU.ActiveCfg = Debug|Any CPU
		{BCC4E44E-7D83-7273-D532-F23527751951}.Debug|Any CPU.Build.0 = Debug|Any CPU
		{BCC4E44E-7D83-7273-D532-F23527751951}.Release|Any CPU.ActiveCfg = Release|Any CPU
		{BCC4E44E-7D83-7273-D532-F23527751951}.Release|Any CPU.Build.0 = Release|Any CPU
		{FB5E29F3-8179-08E1-9D74-90F8393104D1}.Debug|Any CPU.ActiveCfg = Debug|Any CPU
		{FB5E29F3-8179-08E1-9D74-90F8393104D1}.Debug|Any CPU.Build.0 = Debug|Any CPU
		{FB5E29F3-8179-08E1-9D74-90F8393104D1}.Release|Any CPU.ActiveCfg = Release|Any CPU
		{FB5E29F3-8179-08E1-9D74-90F8393104D1}.Release|Any CPU.Build.0 = Release|Any CPU
		{11B526E3-2276-8AEC-078F-47475B3356F7}.Debug|Any CPU.ActiveCfg = Debug|Any CPU
		{11B526E3-2276-8AEC-078F-47475B3356F7}.Debug|Any CPU.Build.0 = Debug|Any CPU
		{11B526E3-2276-8AEC-078F-47475B3356F7}.Release|Any CPU.ActiveCfg = Release|Any CPU
		{11B526E3-2276-8AEC-078F-47475B3356F7}.Release|Any CPU.Build.0 = Release|Any CPU
		{2CCBAD6D-3B12-1B3B-ACB4-3AF1BB3544E5}.Debug|Any CPU.ActiveCfg = Debug|Any CPU
		{2CCBAD6D-3B12-1B3B-ACB4-3AF1BB3544E5}.Debug|Any CPU.Build.0 = Debug|Any CPU
		{2CCBAD6D-3B12-1B3B-ACB4-3AF1BB3544E5}.Release|Any CPU.ActiveCfg = Release|Any CPU
		{2CCBAD6D-3B12-1B3B-ACB4-3AF1BB3544E5}.Release|Any CPU.Build.0 = Release|Any CPU
		{0192D196-6526-7CB0-1F46-282D82600907}.Debug|Any CPU.ActiveCfg = Debug|Any CPU
		{0192D196-6526-7CB0-1F46-282D82600907}.Debug|Any CPU.Build.0 = Debug|Any CPU
		{0192D196-6526-7CB0-1F46-282D82600907}.Release|Any CPU.ActiveCfg = Release|Any CPU
		{0192D196-6526-7CB0-1F46-282D82600907}.Release|Any CPU.Build.0 = Release|Any CPU
		{A0791827-10E3-6396-40AD-23E1610D8340}.Debug|Any CPU.ActiveCfg = Debug|Any CPU
		{A0791827-10E3-6396-40AD-23E1610D8340}.Debug|Any CPU.Build.0 = Debug|Any CPU
		{A0791827-10E3-6396-40AD-23E1610D8340}.Release|Any CPU.ActiveCfg = Release|Any CPU
		{A0791827-10E3-6396-40AD-23E1610D8340}.Release|Any CPU.Build.0 = Release|Any CPU
		{284C1CCE-4374-A6F0-8013-DFAB3BB85901}.Debug|Any CPU.ActiveCfg = Debug|Any CPU
		{284C1CCE-4374-A6F0-8013-DFAB3BB85901}.Debug|Any CPU.Build.0 = Debug|Any CPU
		{284C1CCE-4374-A6F0-8013-DFAB3BB85901}.Release|Any CPU.ActiveCfg = Release|Any CPU
		{284C1CCE-4374-A6F0-8013-DFAB3BB85901}.Release|Any CPU.Build.0 = Release|Any CPU
		{B51D548D-6212-89BE-7C8A-376D43626D35}.Debug|Any CPU.ActiveCfg = Debug|Any CPU
		{B51D548D-6212-89BE-7C8A-376D43626D35}.Debug|Any CPU.Build.0 = Debug|Any CPU
		{B51D548D-6212-89BE-7C8A-376D43626D35}.Release|Any CPU.ActiveCfg = Release|Any CPU
		{B51D548D-6212-89BE-7C8A-376D43626D35}.Release|Any CPU.Build.0 = Release|Any CPU
		{970D36DA-5439-63E1-A643-F0784E261DB5}.Debug|Any CPU.ActiveCfg = Debug|Any CPU
		{970D36DA-5439-63E1-A643-F0784E261DB5}.Debug|Any CPU.Build.0 = Debug|Any CPU
		{970D36DA-5439-63E1-A643-F0784E261DB5}.Release|Any CPU.ActiveCfg = Release|Any CPU
		{970D36DA-5439-63E1-A643-F0784E261DB5}.Release|Any CPU.Build.0 = Release|Any CPU
		{3F13D51D-4FD6-6B92-7B05-12FC40822F2D}.Debug|Any CPU.ActiveCfg = Debug|Any CPU
		{3F13D51D-4FD6-6B92-7B05-12FC40822F2D}.Debug|Any CPU.Build.0 = Debug|Any CPU
		{3F13D51D-4FD6-6B92-7B05-12FC40822F2D}.Release|Any CPU.ActiveCfg = Release|Any CPU
		{3F13D51D-4FD6-6B92-7B05-12FC40822F2D}.Release|Any CPU.Build.0 = Release|Any CPU
		{65F128F7-108D-42AA-79D5-926229A8AC7D}.Debug|Any CPU.ActiveCfg = Debug|Any CPU
		{65F128F7-108D-42AA-79D5-926229A8AC7D}.Debug|Any CPU.Build.0 = Debug|Any CPU
		{65F128F7-108D-42AA-79D5-926229A8AC7D}.Release|Any CPU.ActiveCfg = Release|Any CPU
		{65F128F7-108D-42AA-79D5-926229A8AC7D}.Release|Any CPU.Build.0 = Release|Any CPU
		{66AEFFE9-F121-385F-98F2-B55E59590961}.Debug|Any CPU.ActiveCfg = Debug|Any CPU
		{66AEFFE9-F121-385F-98F2-B55E59590961}.Debug|Any CPU.Build.0 = Debug|Any CPU
		{66AEFFE9-F121-385F-98F2-B55E59590961}.Release|Any CPU.ActiveCfg = Release|Any CPU
		{66AEFFE9-F121-385F-98F2-B55E59590961}.Release|Any CPU.Build.0 = Release|Any CPU
		{7E8D1E12-968B-A154-1864-E924361F8734}.Debug|Any CPU.ActiveCfg = Debug|Any CPU
		{7E8D1E12-968B-A154-1864-E924361F8734}.Debug|Any CPU.Build.0 = Debug|Any CPU
		{7E8D1E12-968B-A154-1864-E924361F8734}.Release|Any CPU.ActiveCfg = Release|Any CPU
		{7E8D1E12-968B-A154-1864-E924361F8734}.Release|Any CPU.Build.0 = Release|Any CPU
		{2E14432D-6D73-2DC5-994B-891DC34C2A0A}.Debug|Any CPU.ActiveCfg = Debug|Any CPU
		{2E14432D-6D73-2DC5-994B-891DC34C2A0A}.Debug|Any CPU.Build.0 = Debug|Any CPU
		{2E14432D-6D73-2DC5-994B-891DC34C2A0A}.Release|Any CPU.ActiveCfg = Release|Any CPU
		{2E14432D-6D73-2DC5-994B-891DC34C2A0A}.Release|Any CPU.Build.0 = Release|Any CPU
		{D465A755-1E55-F6FB-575F-60EDB961D645}.Debug|Any CPU.ActiveCfg = Debug|Any CPU
		{D465A755-1E55-F6FB-575F-60EDB961D645}.Debug|Any CPU.Build.0 = Debug|Any CPU
		{D465A755-1E55-F6FB-575F-60EDB961D645}.Release|Any CPU.ActiveCfg = Release|Any CPU
		{D465A755-1E55-F6FB-575F-60EDB961D645}.Release|Any CPU.Build.0 = Release|Any CPU
		{AFCDC499-DEF0-85C6-B595-FD392ACFCB22}.Debug|Any CPU.ActiveCfg = Debug|Any CPU
		{AFCDC499-DEF0-85C6-B595-FD392ACFCB22}.Debug|Any CPU.Build.0 = Debug|Any CPU
		{AFCDC499-DEF0-85C6-B595-FD392ACFCB22}.Release|Any CPU.ActiveCfg = Release|Any CPU
		{AFCDC499-DEF0-85C6-B595-FD392ACFCB22}.Release|Any CPU.Build.0 = Release|Any CPU
		{03CF2C96-B3B9-5DEB-5446-A305F7B3FC11}.Debug|Any CPU.ActiveCfg = Debug|Any CPU
		{03CF2C96-B3B9-5DEB-5446-A305F7B3FC11}.Debug|Any CPU.Build.0 = Debug|Any CPU
		{03CF2C96-B3B9-5DEB-5446-A305F7B3FC11}.Release|Any CPU.ActiveCfg = Release|Any CPU
		{03CF2C96-B3B9-5DEB-5446-A305F7B3FC11}.Release|Any CPU.Build.0 = Release|Any CPU
		{136E9887-6083-BBCB-0E59-8D4861E911D4}.Debug|Any CPU.ActiveCfg = Debug|Any CPU
		{136E9887-6083-BBCB-0E59-8D4861E911D4}.Debug|Any CPU.Build.0 = Debug|Any CPU
		{136E9887-6083-BBCB-0E59-8D4861E911D4}.Release|Any CPU.ActiveCfg = Release|Any CPU
		{136E9887-6083-BBCB-0E59-8D4861E911D4}.Release|Any CPU.Build.0 = Release|Any CPU
		{511DF7CD-B23A-72A7-5210-FC4F41AD12B8}.Debug|Any CPU.ActiveCfg = Debug|Any CPU
		{511DF7CD-B23A-72A7-5210-FC4F41AD12B8}.Debug|Any CPU.Build.0 = Debug|Any CPU
		{511DF7CD-B23A-72A7-5210-FC4F41AD12B8}.Release|Any CPU.ActiveCfg = Release|Any CPU
		{511DF7CD-B23A-72A7-5210-FC4F41AD12B8}.Release|Any CPU.Build.0 = Release|Any CPU
		{2EADAA91-B8F2-A5BE-E13A-BF9179F24C6D}.Debug|Any CPU.ActiveCfg = Debug|Any CPU
		{2EADAA91-B8F2-A5BE-E13A-BF9179F24C6D}.Debug|Any CPU.Build.0 = Debug|Any CPU
		{2EADAA91-B8F2-A5BE-E13A-BF9179F24C6D}.Release|Any CPU.ActiveCfg = Release|Any CPU
		{2EADAA91-B8F2-A5BE-E13A-BF9179F24C6D}.Release|Any CPU.Build.0 = Release|Any CPU
		{0C37FEDB-EEDA-9705-8C1B-7DC03E8D2180}.Debug|Any CPU.ActiveCfg = Debug|Any CPU
		{0C37FEDB-EEDA-9705-8C1B-7DC03E8D2180}.Debug|Any CPU.Build.0 = Debug|Any CPU
		{0C37FEDB-EEDA-9705-8C1B-7DC03E8D2180}.Release|Any CPU.ActiveCfg = Release|Any CPU
		{0C37FEDB-EEDA-9705-8C1B-7DC03E8D2180}.Release|Any CPU.Build.0 = Release|Any CPU
		{67708D4C-3809-ED53-C10E-99AD56E38B9A}.Debug|Any CPU.ActiveCfg = Debug|Any CPU
		{67708D4C-3809-ED53-C10E-99AD56E38B9A}.Debug|Any CPU.Build.0 = Debug|Any CPU
		{67708D4C-3809-ED53-C10E-99AD56E38B9A}.Release|Any CPU.ActiveCfg = Release|Any CPU
		{67708D4C-3809-ED53-C10E-99AD56E38B9A}.Release|Any CPU.Build.0 = Release|Any CPU
		{686E5FEC-D326-85C9-DA33-216DCF17870C}.Debug|Any CPU.ActiveCfg = Debug|Any CPU
		{686E5FEC-D326-85C9-DA33-216DCF17870C}.Debug|Any CPU.Build.0 = Debug|Any CPU
		{686E5FEC-D326-85C9-DA33-216DCF17870C}.Release|Any CPU.ActiveCfg = Release|Any CPU
		{686E5FEC-D326-85C9-DA33-216DCF17870C}.Release|Any CPU.Build.0 = Release|Any CPU
		{708E063D-ADEE-51F5-18A8-2006B55317C8}.Debug|Any CPU.ActiveCfg = Debug|Any CPU
		{708E063D-ADEE-51F5-18A8-2006B55317C8}.Debug|Any CPU.Build.0 = Debug|Any CPU
		{708E063D-ADEE-51F5-18A8-2006B55317C8}.Release|Any CPU.ActiveCfg = Release|Any CPU
		{708E063D-ADEE-51F5-18A8-2006B55317C8}.Release|Any CPU.Build.0 = Release|Any CPU
	EndGlobalSection
	GlobalSection(SolutionProperties) = preSolution
		HideSolutionNode = FALSE
	EndGlobalSection
EndGlobal
